schema_version: 1
platform:
  device: Ascend 910B4-1
  host_arch: aarch64
  host_cpu: Kunpeng 920
container:
  image: harbor.baai.ac.cn/flagtree/flagtree-ascend3.5-910b-py311-cann9.0.0-ubuntu22.04-aarch64:202606-torch2.9.0-base
  image_digest: sha256:8b5b663f9979d54cf5af3cbfbb4fbdb4884bb64dea311a5b1d81bdeccca65d54
components:
  kernelgen:
    version: 6.7.0
    source: sources/kernelgen
  kernelgen_server:
    version: 6.5.0
    source: sources/kernelgen_server
    upstream_commit: 1ebddd2f3c160a036c20fbed18986613e1992799
  flaggems:
    source: third_party/FlagGems
    upstream_commit: 4772d816bc5d52d37c4718f36adf377d81261f83
runtime:
  python: 3.11.15
  torch: 2.9.0+cpu
  torch_npu: 2.9.0.post2
  flagtree: 0.6.0+ascend.gitc286cba6
  cann: 9.0.0
  driver: 25.2.0
